
Microsoft Visual Studio Solution File, Format Version 12.00
# Visual Studio Version 16
VisualStudioVersion = 16.0.31129.286
MinimumVisualStudioVersion = 10.0.40219.1
Project("{8BC9CEB8-8B4A-11D0-8D11-00A0C91BC942}") = "13_Roman_To_Integer", "13_Roman_To_Integer.vcxproj", "{0E61785A-8DE7-4945-AE7C-08D6519F9C15}"
EndProject
Global
	GlobalSection(SolutionConfigurationPlatforms) = preSolution
		Debug|x64 = Debug|x64
		Debug|x86 = Debug|x86
		Release|x64 = Release|x64
		Release|x86 = Release|x86
	EndGlobalSection
	GlobalSection(ProjectConfigurationPlatforms) = postSolution
		{0E61785A-8DE7-4945-AE7C-08D6519F9C15}.Debug|x64.ActiveCfg = Debug|x64
		{0E61785A-8DE7-4945-AE7C-08D6519F9C15}.Debug|x64.Build.0 = Debug|x64
		{0E61785A-8DE7-4945-AE7C-08D6519F9C15}.Debug|x86.ActiveCfg = Debug|Win32
		{0E61785A-8DE7-4945-AE7C-08D6519F9C15}.Debug|x86.Build.0 = Debug|Win32
		{0E61785A-8DE7-4945-AE7C-08D6519F9C15}.Release|x64.ActiveCfg = Release|x64
		{0E61785A-8DE7-4945-AE7C-08D6519F9C15}.Release|x64.Build.0 = Release|x64
		{0E61785A-8DE7-4945-AE7C-08D6519F9C15}.Release|x86.ActiveCfg = Release|Win32
		{0E61785A-8DE7-4945-AE7C-08D6519F9C15}.Release|x86.Build.0 = Release|Win32
	EndGlobalSection
	GlobalSection(SolutionProperties) = preSolution
		HideSolutionNode = FALSE
	EndGlobalSection
	GlobalSection(ExtensibilityGlobals) = postSolution
		SolutionGuid = {F2EF199C-3DD9-4955-A750-B40529FC337E}
	EndGlobalSection
EndGlobal
